
Microsoft Visual Studio Solution File, Format Version 12.00
# Visual Studio 14
VisualStudioVersion = 14.0.23107.0
MinimumVisualStudioVersion = 10.0.40219.1
Project("{FAE04EC0-301F-11D3-BF4B-00C04F79EFBC}") = "PersonalSite", "PersonalSite\PersonalSite.csproj", "{3FB0AC2A-7352-480F-968A-216FC07916E2}"
EndProject
Project("{FAE04EC0-301F-11D3-BF4B-00C04F79EFBC}") = "PersonalSite.Tests", "PersonalSite.Tests\PersonalSite.Tests.csproj", "{21CA166C-89BC-45AE-8151-4FA111241FA3}"
EndProject
Project("{2150E333-8FDC-42A3-9474-1A3956D46DE8}") = "PublishScripts", "PublishScripts", "{FFA43788-1BB5-4A01-86E7-3628291BA27F}"
	ProjectSection(SolutionItems) = preProject
		PublishScripts\AzureVMPublishModule.psm1 = PublishScripts\AzureVMPublishModule.psm1
		PublishScripts\Publish-WebApplicationVM.ps1 = PublishScripts\Publish-WebApplicationVM.ps1
	EndProjectSection
EndProject
Project("{2150E333-8FDC-42A3-9474-1A3956D46DE8}") = "Configurations", "Configurations", "{9A67A654-C9EB-4AC6-AAF8-066BAD5C2F4C}"
	ProjectSection(SolutionItems) = preProject
		PublishScripts\Configurations\PersonalSite-WAWS-dev.json = PublishScripts\Configurations\PersonalSite-WAWS-dev.json
		PublishScripts\Configurations\PersonalSiteWeb-WAWS-dev.json = PublishScripts\Configurations\PersonalSiteWeb-WAWS-dev.json
	EndProjectSection
EndProject
Project("{FAE04EC0-301F-11D3-BF4B-00C04F79EFBC}") = "PersonalSiteWeb", "PersonalSiteWeb\PersonalSiteWeb.csproj", "{6FEF8CA2-B528-41C3-9B0E-09FDDBF2D596}"
EndProject
Global
	GlobalSection(SolutionConfigurationPlatforms) = preSolution
		Debug|Any CPU = Debug|Any CPU
		Release|Any CPU = Release|Any CPU
	EndGlobalSection
	GlobalSection(ProjectConfigurationPlatforms) = postSolution
		{3FB0AC2A-7352-480F-968A-216FC07916E2}.Debug|Any CPU.ActiveCfg = Debug|Any CPU
		{3FB0AC2A-7352-480F-968A-216FC07916E2}.Debug|Any CPU.Build.0 = Debug|Any CPU
		{3FB0AC2A-7352-480F-968A-216FC07916E2}.Release|Any CPU.ActiveCfg = Release|Any CPU
		{3FB0AC2A-7352-480F-968A-216FC07916E2}.Release|Any CPU.Build.0 = Release|Any CPU
		{21CA166C-89BC-45AE-8151-4FA111241FA3}.Debug|Any CPU.ActiveCfg = Debug|Any CPU
		{21CA166C-89BC-45AE-8151-4FA111241FA3}.Debug|Any CPU.Build.0 = Debug|Any CPU
		{21CA166C-89BC-45AE-8151-4FA111241FA3}.Release|Any CPU.ActiveCfg = Release|Any CPU
		{21CA166C-89BC-45AE-8151-4FA111241FA3}.Release|Any CPU.Build.0 = Release|Any CPU
		{6FEF8CA2-B528-41C3-9B0E-09FDDBF2D596}.Debug|Any CPU.ActiveCfg = Debug|Any CPU
		{6FEF8CA2-B528-41C3-9B0E-09FDDBF2D596}.Debug|Any CPU.Build.0 = Debug|Any CPU
		{6FEF8CA2-B528-41C3-9B0E-09FDDBF2D596}.Release|Any CPU.ActiveCfg = Release|Any CPU
		{6FEF8CA2-B528-41C3-9B0E-09FDDBF2D596}.Release|Any CPU.Build.0 = Release|Any CPU
	EndGlobalSection
	GlobalSection(SolutionProperties) = preSolution
		HideSolutionNode = FALSE
	EndGlobalSection
	GlobalSection(NestedProjects) = preSolution
		{9A67A654-C9EB-4AC6-AAF8-066BAD5C2F4C} = {FFA43788-1BB5-4A01-86E7-3628291BA27F}
	EndGlobalSection
EndGlobal
